
Microsoft Visual Studio Solution File, Format Version 12.00
# Visual Studio Version 16
VisualStudioVersion = 16.0.30404.54
MinimumVisualStudioVersion = 10.0.40219.1
Project("{FAE04EC0-301F-11D3-BF4B-00C04F79EFBC}") = "X-10", "X-10\X-10.csproj", "{C791E4ED-E2FD-4CBE-956B-62EFB170AE7A}"
EndProject
Global
	GlobalSection(SolutionConfigurationPlatforms) = preSolution
		Debug|Any CPU = Debug|Any CPU
		Release|Any CPU = Release|Any CPU
	EndGlobalSection
	GlobalSection(ProjectConfigurationPlatforms) = postSolution
		{C791E4ED-E2FD-4CBE-956B-62EFB170AE7A}.Debug|Any CPU.ActiveCfg = Debug|Any CPU
		{C791E4ED-E2FD-4CBE-956B-62EFB170AE7A}.Debug|Any CPU.Build.0 = Debug|Any CPU
		{C791E4ED-E2FD-4CBE-956B-62EFB170AE7A}.Release|Any CPU.ActiveCfg = Release|Any CPU
		{C791E4ED-E2FD-4CBE-956B-62EFB170AE7A}.Release|Any CPU.Build.0 = Release|Any CPU
	EndGlobalSection
	GlobalSection(SolutionProperties) = preSolution
		HideSolutionNode = FALSE
	EndGlobalSection
	GlobalSection(ExtensibilityGlobals) = postSolution
		SolutionGuid = {F0EAC70A-3C08-43A4-8DEB-4A636B0750AF}
	EndGlobalSection
EndGlobal
