
Microsoft Visual Studio Solution File, Format Version 12.00
# Visual Studio Version 16
VisualStudioVersion = 16.0.29806.167
MinimumVisualStudioVersion = 10.0.40219.1
Project("{9A19103F-16F7-4668-BE54-9A1E7A4F7556}") = "Strategy", "Strategy\Strategy.csproj", "{E0A8EC43-63BD-4A1F-966A-9CB91BC78D2F}"
EndProject
Project("{9A19103F-16F7-4668-BE54-9A1E7A4F7556}") = "Observer", "Observer\Observer.csproj", "{60EAB44A-26D6-49BC-AAF2-306038578D8A}"
EndProject
Project("{9A19103F-16F7-4668-BE54-9A1E7A4F7556}") = "Decorator", "Decorator\Decorator.csproj", "{71C3D1A5-5B92-4645-BB9D-1AC9E0EA7743}"
EndProject
Project("{9A19103F-16F7-4668-BE54-9A1E7A4F7556}") = "Factory", "Factory\Factory.csproj", "{CD9A0E42-08DA-425A-A1FB-54C98DFB6A14}"
EndProject
Project("{9A19103F-16F7-4668-BE54-9A1E7A4F7556}") = "Singleton", "Singleton\Singleton.csproj", "{715BD265-DC16-4D0C-9674-8477783A74DD}"
EndProject
Project("{9A19103F-16F7-4668-BE54-9A1E7A4F7556}") = "Command", "Command\Command.csproj", "{D5373165-D9B7-428E-BD48-14DA9F63BAB5}"
EndProject
Project("{9A19103F-16F7-4668-BE54-9A1E7A4F7556}") = "Adapter", "Adapter\Adapter.csproj", "{633B6741-2330-43B4-8EB8-2E435A545931}"
EndProject
Project("{9A19103F-16F7-4668-BE54-9A1E7A4F7556}") = "Facade", "Facade\Facade.csproj", "{143DEAE2-3163-412C-83D3-6B17F011CF5D}"
EndProject
Project("{9A19103F-16F7-4668-BE54-9A1E7A4F7556}") = "TemplateMethod", "TemplateMethod\TemplateMethod.csproj", "{919988E1-D32D-483F-AAB2-F1EBAD30597A}"
EndProject
Project("{FAE04EC0-301F-11D3-BF4B-00C04F79EFBC}") = "Iterator", "Iterator\Iterator.csproj", "{11D17528-EEC5-4DD1-ADAE-00D7C6574AA1}"
EndProject
Project("{FAE04EC0-301F-11D3-BF4B-00C04F79EFBC}") = "Composite", "Composite\Composite.csproj", "{33F1F343-54A6-4D94-BBB5-4DE5AA163652}"
EndProject
Global
	GlobalSection(SolutionConfigurationPlatforms) = preSolution
		Debug|Any CPU = Debug|Any CPU
		Release|Any CPU = Release|Any CPU
	EndGlobalSection
	GlobalSection(ProjectConfigurationPlatforms) = postSolution
		{E0A8EC43-63BD-4A1F-966A-9CB91BC78D2F}.Debug|Any CPU.ActiveCfg = Debug|Any CPU
		{E0A8EC43-63BD-4A1F-966A-9CB91BC78D2F}.Debug|Any CPU.Build.0 = Debug|Any CPU
		{E0A8EC43-63BD-4A1F-966A-9CB91BC78D2F}.Release|Any CPU.ActiveCfg = Release|Any CPU
		{E0A8EC43-63BD-4A1F-966A-9CB91BC78D2F}.Release|Any CPU.Build.0 = Release|Any CPU
		{60EAB44A-26D6-49BC-AAF2-306038578D8A}.Debug|Any CPU.ActiveCfg = Debug|Any CPU
		{60EAB44A-26D6-49BC-AAF2-306038578D8A}.Debug|Any CPU.Build.0 = Debug|Any CPU
		{60EAB44A-26D6-49BC-AAF2-306038578D8A}.Release|Any CPU.ActiveCfg = Release|Any CPU
		{60EAB44A-26D6-49BC-AAF2-306038578D8A}.Release|Any CPU.Build.0 = Release|Any CPU
		{71C3D1A5-5B92-4645-BB9D-1AC9E0EA7743}.Debug|Any CPU.ActiveCfg = Debug|Any CPU
		{71C3D1A5-5B92-4645-BB9D-1AC9E0EA7743}.Debug|Any CPU.Build.0 = Debug|Any CPU
		{71C3D1A5-5B92-4645-BB9D-1AC9E0EA7743}.Release|Any CPU.ActiveCfg = Release|Any CPU
		{71C3D1A5-5B92-4645-BB9D-1AC9E0EA7743}.Release|Any CPU.Build.0 = Release|Any CPU
		{CD9A0E42-08DA-425A-A1FB-54C98DFB6A14}.Debug|Any CPU.ActiveCfg = Debug|Any CPU
		{CD9A0E42-08DA-425A-A1FB-54C98DFB6A14}.Debug|Any CPU.Build.0 = Debug|Any CPU
		{CD9A0E42-08DA-425A-A1FB-54C98DFB6A14}.Release|Any CPU.ActiveCfg = Release|Any CPU
		{CD9A0E42-08DA-425A-A1FB-54C98DFB6A14}.Release|Any CPU.Build.0 = Release|Any CPU
		{715BD265-DC16-4D0C-9674-8477783A74DD}.Debug|Any CPU.ActiveCfg = Debug|Any CPU
		{715BD265-DC16-4D0C-9674-8477783A74DD}.Debug|Any CPU.Build.0 = Debug|Any CPU
		{715BD265-DC16-4D0C-9674-8477783A74DD}.Release|Any CPU.ActiveCfg = Release|Any CPU
		{715BD265-DC16-4D0C-9674-8477783A74DD}.Release|Any CPU.Build.0 = Release|Any CPU
		{D5373165-D9B7-428E-BD48-14DA9F63BAB5}.Debug|Any CPU.ActiveCfg = Debug|Any CPU
		{D5373165-D9B7-428E-BD48-14DA9F63BAB5}.Debug|Any CPU.Build.0 = Debug|Any CPU
		{D5373165-D9B7-428E-BD48-14DA9F63BAB5}.Release|Any CPU.ActiveCfg = Release|Any CPU
		{D5373165-D9B7-428E-BD48-14DA9F63BAB5}.Release|Any CPU.Build.0 = Release|Any CPU
		{633B6741-2330-43B4-8EB8-2E435A545931}.Debug|Any CPU.ActiveCfg = Debug|Any CPU
		{633B6741-2330-43B4-8EB8-2E435A545931}.Debug|Any CPU.Build.0 = Debug|Any CPU
		{633B6741-2330-43B4-8EB8-2E435A545931}.Release|Any CPU.ActiveCfg = Release|Any CPU
		{633B6741-2330-43B4-8EB8-2E435A545931}.Release|Any CPU.Build.0 = Release|Any CPU
		{143DEAE2-3163-412C-83D3-6B17F011CF5D}.Debug|Any CPU.ActiveCfg = Debug|Any CPU
		{143DEAE2-3163-412C-83D3-6B17F011CF5D}.Debug|Any CPU.Build.0 = Debug|Any CPU
		{143DEAE2-3163-412C-83D3-6B17F011CF5D}.Release|Any CPU.ActiveCfg = Release|Any CPU
		{143DEAE2-3163-412C-83D3-6B17F011CF5D}.Release|Any CPU.Build.0 = Release|Any CPU
		{919988E1-D32D-483F-AAB2-F1EBAD30597A}.Debug|Any CPU.ActiveCfg = Debug|Any CPU
		{919988E1-D32D-483F-AAB2-F1EBAD30597A}.Debug|Any CPU.Build.0 = Debug|Any CPU
		{919988E1-D32D-483F-AAB2-F1EBAD30597A}.Release|Any CPU.ActiveCfg = Release|Any CPU
		{919988E1-D32D-483F-AAB2-F1EBAD30597A}.Release|Any CPU.Build.0 = Release|Any CPU
		{11D17528-EEC5-4DD1-ADAE-00D7C6574AA1}.Debug|Any CPU.ActiveCfg = Debug|Any CPU
		{11D17528-EEC5-4DD1-ADAE-00D7C6574AA1}.Debug|Any CPU.Build.0 = Debug|Any CPU
		{11D17528-EEC5-4DD1-ADAE-00D7C6574AA1}.Release|Any CPU.ActiveCfg = Release|Any CPU
		{11D17528-EEC5-4DD1-ADAE-00D7C6574AA1}.Release|Any CPU.Build.0 = Release|Any CPU
		{33F1F343-54A6-4D94-BBB5-4DE5AA163652}.Debug|Any CPU.ActiveCfg = Debug|Any CPU
		{33F1F343-54A6-4D94-BBB5-4DE5AA163652}.Debug|Any CPU.Build.0 = Debug|Any CPU
		{33F1F343-54A6-4D94-BBB5-4DE5AA163652}.Release|Any CPU.ActiveCfg = Release|Any CPU
		{33F1F343-54A6-4D94-BBB5-4DE5AA163652}.Release|Any CPU.Build.0 = Release|Any CPU
	EndGlobalSection
	GlobalSection(SolutionProperties) = preSolution
		HideSolutionNode = FALSE
	EndGlobalSection
	GlobalSection(ExtensibilityGlobals) = postSolution
		SolutionGuid = {84D70CC8-81DA-4537-AC5B-5E317D8D3A60}
	EndGlobalSection
EndGlobal
