
Microsoft Visual Studio Solution File, Format Version 12.00
# Visual Studio Version 16
VisualStudioVersion = 16.0.30309.148
MinimumVisualStudioVersion = 10.0.40219.1
Project("{FAE04EC0-301F-11D3-BF4B-00C04F79EFBC}") = "TemplateMethod", "TemplateMethod\TemplateMethod.csproj", "{A1220637-5FEF-4A58-9F54-10FACD06041C}"
EndProject
Global
	GlobalSection(SolutionConfigurationPlatforms) = preSolution
		Debug|Any CPU = Debug|Any CPU
		Release|Any CPU = Release|Any CPU
	EndGlobalSection
	GlobalSection(ProjectConfigurationPlatforms) = postSolution
		{A1220637-5FEF-4A58-9F54-10FACD06041C}.Debug|Any CPU.ActiveCfg = Debug|Any CPU
		{A1220637-5FEF-4A58-9F54-10FACD06041C}.Debug|Any CPU.Build.0 = Debug|Any CPU
		{A1220637-5FEF-4A58-9F54-10FACD06041C}.Release|Any CPU.ActiveCfg = Release|Any CPU
		{A1220637-5FEF-4A58-9F54-10FACD06041C}.Release|Any CPU.Build.0 = Release|Any CPU
	EndGlobalSection
	GlobalSection(SolutionProperties) = preSolution
		HideSolutionNode = FALSE
	EndGlobalSection
	GlobalSection(ExtensibilityGlobals) = postSolution
		SolutionGuid = {B7DEBF77-C12D-48DB-8801-02333C82DDB2}
	EndGlobalSection
EndGlobal
