
Microsoft Visual Studio Solution File, Format Version 12.00
# Visual Studio Version 16
VisualStudioVersion = 16.0.30225.117
MinimumVisualStudioVersion = 10.0.40219.1
Project("{FAE04EC0-301F-11D3-BF4B-00C04F79EFBC}") = "TemplateMethodPattern", "TemplateMethodPattern\TemplateMethodPattern.csproj", "{C7C7B312-6A63-4B18-ABB1-0461EBABC9BD}"
EndProject
Global
	GlobalSection(SolutionConfigurationPlatforms) = preSolution
		Debug|Any CPU = Debug|Any CPU
		Release|Any CPU = Release|Any CPU
	EndGlobalSection
	GlobalSection(ProjectConfigurationPlatforms) = postSolution
		{C7C7B312-6A63-4B18-ABB1-0461EBABC9BD}.Debug|Any CPU.ActiveCfg = Debug|Any CPU
		{C7C7B312-6A63-4B18-ABB1-0461EBABC9BD}.Debug|Any CPU.Build.0 = Debug|Any CPU
		{C7C7B312-6A63-4B18-ABB1-0461EBABC9BD}.Release|Any CPU.ActiveCfg = Release|Any CPU
		{C7C7B312-6A63-4B18-ABB1-0461EBABC9BD}.Release|Any CPU.Build.0 = Release|Any CPU
	EndGlobalSection
	GlobalSection(SolutionProperties) = preSolution
		HideSolutionNode = FALSE
	EndGlobalSection
	GlobalSection(ExtensibilityGlobals) = postSolution
		SolutionGuid = {545B3574-9BB7-48F3-B6B9-48A5AD21BF46}
	EndGlobalSection
EndGlobal
