
Microsoft Visual Studio Solution File, Format Version 12.00
# Visual Studio Version 16
VisualStudioVersion = 16.0.30309.148
MinimumVisualStudioVersion = 10.0.40219.1
Project("{FAE04EC0-301F-11D3-BF4B-00C04F79EFBC}") = "Iterator", "Iterator\Iterator.csproj", "{59CA633F-E500-4EF1-974F-043085F53A52}"
EndProject
Global
	GlobalSection(SolutionConfigurationPlatforms) = preSolution
		Debug|Any CPU = Debug|Any CPU
		Release|Any CPU = Release|Any CPU
	EndGlobalSection
	GlobalSection(ProjectConfigurationPlatforms) = postSolution
		{59CA633F-E500-4EF1-974F-043085F53A52}.Debug|Any CPU.ActiveCfg = Debug|Any CPU
		{59CA633F-E500-4EF1-974F-043085F53A52}.Debug|Any CPU.Build.0 = Debug|Any CPU
		{59CA633F-E500-4EF1-974F-043085F53A52}.Release|Any CPU.ActiveCfg = Release|Any CPU
		{59CA633F-E500-4EF1-974F-043085F53A52}.Release|Any CPU.Build.0 = Release|Any CPU
	EndGlobalSection
	GlobalSection(SolutionProperties) = preSolution
		HideSolutionNode = FALSE
	EndGlobalSection
	GlobalSection(ExtensibilityGlobals) = postSolution
		SolutionGuid = {2EFB1A26-3584-4C46-B252-9A142E704653}
	EndGlobalSection
EndGlobal
