
Microsoft Visual Studio Solution File, Format Version 12.00
# Visual Studio Version 16
VisualStudioVersion = 16.0.30225.117
MinimumVisualStudioVersion = 10.0.40219.1
Project("{FAE04EC0-301F-11D3-BF4B-00C04F79EFBC}") = "ObserverModel", "ObserverModel\ObserverModel.csproj", "{93ECBD99-A9D9-47AD-B4C7-F51BAD026D37}"
EndProject
Global
	GlobalSection(SolutionConfigurationPlatforms) = preSolution
		Debug|Any CPU = Debug|Any CPU
		Release|Any CPU = Release|Any CPU
	EndGlobalSection
	GlobalSection(ProjectConfigurationPlatforms) = postSolution
		{93ECBD99-A9D9-47AD-B4C7-F51BAD026D37}.Debug|Any CPU.ActiveCfg = Debug|Any CPU
		{93ECBD99-A9D9-47AD-B4C7-F51BAD026D37}.Debug|Any CPU.Build.0 = Debug|Any CPU
		{93ECBD99-A9D9-47AD-B4C7-F51BAD026D37}.Release|Any CPU.ActiveCfg = Release|Any CPU
		{93ECBD99-A9D9-47AD-B4C7-F51BAD026D37}.Release|Any CPU.Build.0 = Release|Any CPU
	EndGlobalSection
	GlobalSection(SolutionProperties) = preSolution
		HideSolutionNode = FALSE
	EndGlobalSection
	GlobalSection(ExtensibilityGlobals) = postSolution
		SolutionGuid = {9BA2A182-160C-43F9-B2AD-E3778D8EA821}
	EndGlobalSection
EndGlobal
