
Microsoft Visual Studio Solution File, Format Version 12.00
# Visual Studio Version 16
VisualStudioVersion = 16.0.29911.84
MinimumVisualStudioVersion = 10.0.40219.1
Project("{9A19103F-16F7-4668-BE54-9A1E7A4F7556}") = "Strategy", "Strategy\Strategy.csproj", "{FA0471BB-BD47-4A04-8E5F-ADD29F769FDB}"
EndProject
Project("{9A19103F-16F7-4668-BE54-9A1E7A4F7556}") = "Observer", "Observer\Observer.csproj", "{258D9622-D671-4E1C-85E1-309ED0FBDF91}"
EndProject
Project("{9A19103F-16F7-4668-BE54-9A1E7A4F7556}") = "Decorator", "Decorator\Decorator.csproj", "{46D915D2-4ACC-4D9F-971B-0A2CE2FDE07B}"
EndProject
Project("{9A19103F-16F7-4668-BE54-9A1E7A4F7556}") = "FactoryMethod", "FactoryMethod\FactoryMethod.csproj", "{AF129A73-D3C8-418C-B811-82BC636D60D9}"
EndProject
Project("{9A19103F-16F7-4668-BE54-9A1E7A4F7556}") = "SingletonPattern", "SingletonPattern\SingletonPattern.csproj", "{ABD05FB4-E98D-45BA-9D40-E06169778B8B}"
EndProject
Project("{9A19103F-16F7-4668-BE54-9A1E7A4F7556}") = "CommandPattern", "CommandPattern\CommandPattern.csproj", "{3E3C6AB5-055E-4647-8B31-A218E158D231}"
EndProject
Project("{9A19103F-16F7-4668-BE54-9A1E7A4F7556}") = "AdapterPattern", "AdapterPattern\AdapterPattern.csproj", "{5427D8C6-CE9D-4637-8972-539DC4C7D23D}"
EndProject
Project("{9A19103F-16F7-4668-BE54-9A1E7A4F7556}") = "FacadePattern", "FacadePattern\FacadePattern.csproj", "{0EC7CA97-CB5A-469D-8078-4CECFFFB61BA}"
EndProject
Project("{9A19103F-16F7-4668-BE54-9A1E7A4F7556}") = "TemplateMethodPattern", "TemplateMethodPattern\TemplateMethodPattern.csproj", "{E2BD33B0-41F0-4F03-AEB2-A845AE5EFD8E}"
EndProject
Project("{FAE04EC0-301F-11D3-BF4B-00C04F79EFBC}") = "IteratorPattern", "IteratorPattern\IteratorPattern.csproj", "{822C6098-F905-4B67-939A-A1C1B6D1CECA}"
EndProject
Project("{FAE04EC0-301F-11D3-BF4B-00C04F79EFBC}") = "CompositePattern", "CompositePattern\CompositePattern.csproj", "{597B80DF-D5DE-4037-B436-E22D06E0D22C}"
EndProject
Global
	GlobalSection(SolutionConfigurationPlatforms) = preSolution
		Debug|Any CPU = Debug|Any CPU
		Release|Any CPU = Release|Any CPU
	EndGlobalSection
	GlobalSection(ProjectConfigurationPlatforms) = postSolution
		{FA0471BB-BD47-4A04-8E5F-ADD29F769FDB}.Debug|Any CPU.ActiveCfg = Debug|Any CPU
		{FA0471BB-BD47-4A04-8E5F-ADD29F769FDB}.Debug|Any CPU.Build.0 = Debug|Any CPU
		{FA0471BB-BD47-4A04-8E5F-ADD29F769FDB}.Release|Any CPU.ActiveCfg = Release|Any CPU
		{FA0471BB-BD47-4A04-8E5F-ADD29F769FDB}.Release|Any CPU.Build.0 = Release|Any CPU
		{258D9622-D671-4E1C-85E1-309ED0FBDF91}.Debug|Any CPU.ActiveCfg = Debug|Any CPU
		{258D9622-D671-4E1C-85E1-309ED0FBDF91}.Debug|Any CPU.Build.0 = Debug|Any CPU
		{258D9622-D671-4E1C-85E1-309ED0FBDF91}.Release|Any CPU.ActiveCfg = Release|Any CPU
		{258D9622-D671-4E1C-85E1-309ED0FBDF91}.Release|Any CPU.Build.0 = Release|Any CPU
		{46D915D2-4ACC-4D9F-971B-0A2CE2FDE07B}.Debug|Any CPU.ActiveCfg = Debug|Any CPU
		{46D915D2-4ACC-4D9F-971B-0A2CE2FDE07B}.Debug|Any CPU.Build.0 = Debug|Any CPU
		{46D915D2-4ACC-4D9F-971B-0A2CE2FDE07B}.Release|Any CPU.ActiveCfg = Release|Any CPU
		{46D915D2-4ACC-4D9F-971B-0A2CE2FDE07B}.Release|Any CPU.Build.0 = Release|Any CPU
		{AF129A73-D3C8-418C-B811-82BC636D60D9}.Debug|Any CPU.ActiveCfg = Debug|Any CPU
		{AF129A73-D3C8-418C-B811-82BC636D60D9}.Debug|Any CPU.Build.0 = Debug|Any CPU
		{AF129A73-D3C8-418C-B811-82BC636D60D9}.Release|Any CPU.ActiveCfg = Release|Any CPU
		{AF129A73-D3C8-418C-B811-82BC636D60D9}.Release|Any CPU.Build.0 = Release|Any CPU
		{ABD05FB4-E98D-45BA-9D40-E06169778B8B}.Debug|Any CPU.ActiveCfg = Debug|Any CPU
		{ABD05FB4-E98D-45BA-9D40-E06169778B8B}.Debug|Any CPU.Build.0 = Debug|Any CPU
		{ABD05FB4-E98D-45BA-9D40-E06169778B8B}.Release|Any CPU.ActiveCfg = Release|Any CPU
		{ABD05FB4-E98D-45BA-9D40-E06169778B8B}.Release|Any CPU.Build.0 = Release|Any CPU
		{3E3C6AB5-055E-4647-8B31-A218E158D231}.Debug|Any CPU.ActiveCfg = Debug|Any CPU
		{3E3C6AB5-055E-4647-8B31-A218E158D231}.Debug|Any CPU.Build.0 = Debug|Any CPU
		{3E3C6AB5-055E-4647-8B31-A218E158D231}.Release|Any CPU.ActiveCfg = Release|Any CPU
		{3E3C6AB5-055E-4647-8B31-A218E158D231}.Release|Any CPU.Build.0 = Release|Any CPU
		{5427D8C6-CE9D-4637-8972-539DC4C7D23D}.Debug|Any CPU.ActiveCfg = Debug|Any CPU
		{5427D8C6-CE9D-4637-8972-539DC4C7D23D}.Debug|Any CPU.Build.0 = Debug|Any CPU
		{5427D8C6-CE9D-4637-8972-539DC4C7D23D}.Release|Any CPU.ActiveCfg = Release|Any CPU
		{5427D8C6-CE9D-4637-8972-539DC4C7D23D}.Release|Any CPU.Build.0 = Release|Any CPU
		{0EC7CA97-CB5A-469D-8078-4CECFFFB61BA}.Debug|Any CPU.ActiveCfg = Debug|Any CPU
		{0EC7CA97-CB5A-469D-8078-4CECFFFB61BA}.Debug|Any CPU.Build.0 = Debug|Any CPU
		{0EC7CA97-CB5A-469D-8078-4CECFFFB61BA}.Release|Any CPU.ActiveCfg = Release|Any CPU
		{0EC7CA97-CB5A-469D-8078-4CECFFFB61BA}.Release|Any CPU.Build.0 = Release|Any CPU
		{E2BD33B0-41F0-4F03-AEB2-A845AE5EFD8E}.Debug|Any CPU.ActiveCfg = Debug|Any CPU
		{E2BD33B0-41F0-4F03-AEB2-A845AE5EFD8E}.Debug|Any CPU.Build.0 = Debug|Any CPU
		{E2BD33B0-41F0-4F03-AEB2-A845AE5EFD8E}.Release|Any CPU.ActiveCfg = Release|Any CPU
		{E2BD33B0-41F0-4F03-AEB2-A845AE5EFD8E}.Release|Any CPU.Build.0 = Release|Any CPU
		{822C6098-F905-4B67-939A-A1C1B6D1CECA}.Debug|Any CPU.ActiveCfg = Debug|Any CPU
		{822C6098-F905-4B67-939A-A1C1B6D1CECA}.Debug|Any CPU.Build.0 = Debug|Any CPU
		{822C6098-F905-4B67-939A-A1C1B6D1CECA}.Release|Any CPU.ActiveCfg = Release|Any CPU
		{822C6098-F905-4B67-939A-A1C1B6D1CECA}.Release|Any CPU.Build.0 = Release|Any CPU
		{597B80DF-D5DE-4037-B436-E22D06E0D22C}.Debug|Any CPU.ActiveCfg = Debug|Any CPU
		{597B80DF-D5DE-4037-B436-E22D06E0D22C}.Debug|Any CPU.Build.0 = Debug|Any CPU
		{597B80DF-D5DE-4037-B436-E22D06E0D22C}.Release|Any CPU.ActiveCfg = Release|Any CPU
		{597B80DF-D5DE-4037-B436-E22D06E0D22C}.Release|Any CPU.Build.0 = Release|Any CPU
	EndGlobalSection
	GlobalSection(SolutionProperties) = preSolution
		HideSolutionNode = FALSE
	EndGlobalSection
	GlobalSection(ExtensibilityGlobals) = postSolution
		SolutionGuid = {9445EB89-144B-4B57-85F3-1C80323CC4EF}
	EndGlobalSection
EndGlobal
