
Microsoft Visual Studio Solution File, Format Version 12.00
# Visual Studio Version 16
VisualStudioVersion = 16.0.29911.84
MinimumVisualStudioVersion = 10.0.40219.1
Project("{9A19103F-16F7-4668-BE54-9A1E7A4F7556}") = "Strategy", "Strategy\Strategy.csproj", "{FA0471BB-BD47-4A04-8E5F-ADD29F769FDB}"
EndProject
Project("{9A19103F-16F7-4668-BE54-9A1E7A4F7556}") = "Observer", "Observer\Observer.csproj", "{258D9622-D671-4E1C-85E1-309ED0FBDF91}"
EndProject
Project("{9A19103F-16F7-4668-BE54-9A1E7A4F7556}") = "Decorator", "Decorator\Decorator.csproj", "{46D915D2-4ACC-4D9F-971B-0A2CE2FDE07B}"
EndProject
Project("{9A19103F-16F7-4668-BE54-9A1E7A4F7556}") = "FactoryMethod", "FactoryMethod\FactoryMethod.csproj", "{AF129A73-D3C8-418C-B811-82BC636D60D9}"
EndProject
Project("{9A19103F-16F7-4668-BE54-9A1E7A4F7556}") = "SingletonPattern", "SingletonPattern\SingletonPattern.csproj", "{ABD05FB4-E98D-45BA-9D40-E06169778B8B}"
EndProject
Project("{FAE04EC0-301F-11D3-BF4B-00C04F79EFBC}") = "CommandPattern", "CommandPattern\CommandPattern.csproj", "{3E3C6AB5-055E-4647-8B31-A218E158D231}"
EndProject
Global
	GlobalSection(SolutionConfigurationPlatforms) = preSolution
		Debug|Any CPU = Debug|Any CPU
		Release|Any CPU = Release|Any CPU
	EndGlobalSection
	GlobalSection(ProjectConfigurationPlatforms) = postSolution
		{FA0471BB-BD47-4A04-8E5F-ADD29F769FDB}.Debug|Any CPU.ActiveCfg = Debug|Any CPU
		{FA0471BB-BD47-4A04-8E5F-ADD29F769FDB}.Debug|Any CPU.Build.0 = Debug|Any CPU
		{FA0471BB-BD47-4A04-8E5F-ADD29F769FDB}.Release|Any CPU.ActiveCfg = Release|Any CPU
		{FA0471BB-BD47-4A04-8E5F-ADD29F769FDB}.Release|Any CPU.Build.0 = Release|Any CPU
		{258D9622-D671-4E1C-85E1-309ED0FBDF91}.Debug|Any CPU.ActiveCfg = Debug|Any CPU
		{258D9622-D671-4E1C-85E1-309ED0FBDF91}.Debug|Any CPU.Build.0 = Debug|Any CPU
		{258D9622-D671-4E1C-85E1-309ED0FBDF91}.Release|Any CPU.ActiveCfg = Release|Any CPU
		{258D9622-D671-4E1C-85E1-309ED0FBDF91}.Release|Any CPU.Build.0 = Release|Any CPU
		{46D915D2-4ACC-4D9F-971B-0A2CE2FDE07B}.Debug|Any CPU.ActiveCfg = Debug|Any CPU
		{46D915D2-4ACC-4D9F-971B-0A2CE2FDE07B}.Debug|Any CPU.Build.0 = Debug|Any CPU
		{46D915D2-4ACC-4D9F-971B-0A2CE2FDE07B}.Release|Any CPU.ActiveCfg = Release|Any CPU
		{46D915D2-4ACC-4D9F-971B-0A2CE2FDE07B}.Release|Any CPU.Build.0 = Release|Any CPU
		{AF129A73-D3C8-418C-B811-82BC636D60D9}.Debug|Any CPU.ActiveCfg = Debug|Any CPU
		{AF129A73-D3C8-418C-B811-82BC636D60D9}.Debug|Any CPU.Build.0 = Debug|Any CPU
		{AF129A73-D3C8-418C-B811-82BC636D60D9}.Release|Any CPU.ActiveCfg = Release|Any CPU
		{AF129A73-D3C8-418C-B811-82BC636D60D9}.Release|Any CPU.Build.0 = Release|Any CPU
		{ABD05FB4-E98D-45BA-9D40-E06169778B8B}.Debug|Any CPU.ActiveCfg = Debug|Any CPU
		{ABD05FB4-E98D-45BA-9D40-E06169778B8B}.Debug|Any CPU.Build.0 = Debug|Any CPU
		{ABD05FB4-E98D-45BA-9D40-E06169778B8B}.Release|Any CPU.ActiveCfg = Release|Any CPU
		{ABD05FB4-E98D-45BA-9D40-E06169778B8B}.Release|Any CPU.Build.0 = Release|Any CPU
		{3E3C6AB5-055E-4647-8B31-A218E158D231}.Debug|Any CPU.ActiveCfg = Debug|Any CPU
		{3E3C6AB5-055E-4647-8B31-A218E158D231}.Debug|Any CPU.Build.0 = Debug|Any CPU
		{3E3C6AB5-055E-4647-8B31-A218E158D231}.Release|Any CPU.ActiveCfg = Release|Any CPU
		{3E3C6AB5-055E-4647-8B31-A218E158D231}.Release|Any CPU.Build.0 = Release|Any CPU
	EndGlobalSection
	GlobalSection(SolutionProperties) = preSolution
		HideSolutionNode = FALSE
	EndGlobalSection
	GlobalSection(ExtensibilityGlobals) = postSolution
		SolutionGuid = {9445EB89-144B-4B57-85F3-1C80323CC4EF}
	EndGlobalSection
EndGlobal
